// !$*UTF8*$!
{
	archiveVersion = 1;
	classes = {
	};
	objectVersion = 55;
	objects = {

/* Begin PBXBuildFile section */
		068FC50228A7540600EFF7A8 /* AppDelegate.swift in Sources */ = {isa = PBXBuildFile; fileRef = 068FC50128A7540600EFF7A8 /* AppDelegate.swift */; };
		068FC50428A7540600EFF7A8 /* SceneDelegate.swift in Sources */ = {isa = PBXBuildFile; fileRef = 068FC50328A7540600EFF7A8 /* SceneDelegate.swift */; };
		068FC50928A7540600EFF7A8 /* Main.storyboard in Resources */ = {isa = PBXBuildFile; fileRef = 068FC50728A7540600EFF7A8 /* Main.storyboard */; };
		068FC50B28A7540700EFF7A8 /* Assets.xcassets in Resources */ = {isa = PBXBuildFile; fileRef = 068FC50A28A7540700EFF7A8 /* Assets.xcassets */; };
		068FC50E28A7540700EFF7A8 /* LaunchScreen.storyboard in Resources */ = {isa = PBXBuildFile; fileRef = 068FC50C28A7540700EFF7A8 /* LaunchScreen.storyboard */; };
		068FC51928A7540700EFF7A8 /* DelegatePracticeTests.swift in Sources */ = {isa = PBXBuildFile; fileRef = 068FC51828A7540700EFF7A8 /* DelegatePracticeTests.swift */; };
		068FC52328A7540700EFF7A8 /* DelegatePracticeUITests.swift in Sources */ = {isa = PBXBuildFile; fileRef = 068FC52228A7540700EFF7A8 /* DelegatePracticeUITests.swift */; };
		068FC52528A7540700EFF7A8 /* DelegatePracticeUITestsLaunchTests.swift in Sources */ = {isa = PBXBuildFile; fileRef = 068FC52428A7540700EFF7A8 /* DelegatePracticeUITestsLaunchTests.swift */; };
		068FC53228A7543700EFF7A8 /* DelegateViewController.swift in Sources */ = {isa = PBXBuildFile; fileRef = 068FC53128A7543700EFF7A8 /* DelegateViewController.swift */; };
		068FC53428A7566D00EFF7A8 /* SecondDelegateViewController.swift in Sources */ = {isa = PBXBuildFile; fileRef = 068FC53328A7566D00EFF7A8 /* SecondDelegateViewController.swift */; };
/* End PBXBuildFile section */

/* Begin PBXContainerItemProxy section */
		068FC51528A7540700EFF7A8 /* PBXContainerItemProxy */ = {
			isa = PBXContainerItemProxy;
			containerPortal = 068FC4F628A7540600EFF7A8 /* Project object */;
			proxyType = 1;
			remoteGlobalIDString = 068FC4FD28A7540600EFF7A8;
			remoteInfo = DelegatePractice;
		};
		068FC51F28A7540700EFF7A8 /* PBXContainerItemProxy */ = {
			isa = PBXContainerItemProxy;
			containerPortal = 068FC4F628A7540600EFF7A8 /* Project object */;
			proxyType = 1;
			remoteGlobalIDString = 068FC4FD28A7540600EFF7A8;
			remoteInfo = DelegatePractice;
		};
/* End PBXContainerItemProxy section */

/* Begin PBXFileReference section */
		068FC4FE28A7540600EFF7A8 /* DelegatePractice.app */ = {isa = PBXFileReference; explicitFileType = wrapper.application; includeInIndex = 0; path = DelegatePractice.app; sourceTree = BUILT_PRODUCTS_DIR; };
		068FC50128A7540600EFF7A8 /* AppDelegate.swift */ = {isa = PBXFileReference; lastKnownFileType = sourcecode.swift; path = AppDelegate.swift; sourceTree = "<group>"; };
		068FC50328A7540600EFF7A8 /* SceneDelegate.swift */ = {isa = PBXFileReference; lastKnownFileType = sourcecode.swift; path = SceneDelegate.swift; sourceTree = "<group>"; };
		068FC50828A7540600EFF7A8 /* Base */ = {isa = PBXFileReference; lastKnownFileType = file.storyboard; name = Base; path = Base.lproj/Main.storyboard; sourceTree = "<group>"; };
		068FC50A28A7540700EFF7A8 /* Assets.xcassets */ = {isa = PBXFileReference; lastKnownFileType = folder.assetcatalog; path = Assets.xcassets; sourceTree = "<group>"; };
		068FC50D28A7540700EFF7A8 /* Base */ = {isa = PBXFileReference; lastKnownFileType = file.storyboard; name = Base; path = Base.lproj/LaunchScreen.storyboard; sourceTree = "<group>"; };
		068FC50F28A7540700EFF7A8 /* Info.plist */ = {isa = PBXFileReference; lastKnownFileType = text.plist.xml; path = Info.plist; sourceTree = "<group>"; };
		068FC51428A7540700EFF7A8 /* DelegatePracticeTests.xctest */ = {isa = PBXFileReference; explicitFileType = wrapper.cfbundle; includeInIndex = 0; path = DelegatePracticeTests.xctest; sourceTree = BUILT_PRODUCTS_DIR; };
		068FC51828A7540700EFF7A8 /* DelegatePracticeTests.swift */ = {isa = PBXFileReference; lastKnownFileType = sourcecode.swift; path = DelegatePracticeTests.swift; sourceTree = "<group>"; };
		068FC51E28A7540700EFF7A8 /* DelegatePracticeUITests.xctest */ = {isa = PBXFileReference; explicitFileType = wrapper.cfbundle; includeInIndex = 0; path = DelegatePracticeUITests.xctest; sourceTree = BUILT_PRODUCTS_DIR; };
		068FC52228A7540700EFF7A8 /* DelegatePracticeUITests.swift */ = {isa = PBXFileReference; lastKnownFileType = sourcecode.swift; path = DelegatePracticeUITests.swift; sourceTree = "<group>"; };
		068FC52428A7540700EFF7A8 /* DelegatePracticeUITestsLaunchTests.swift */ = {isa = PBXFileReference; lastKnownFileType = sourcecode.swift; path = DelegatePracticeUITestsLaunchTests.swift; sourceTree = "<group>"; };
		068FC53128A7543700EFF7A8 /* DelegateViewController.swift */ = {isa = PBXFileReference; lastKnownFileType = sourcecode.swift; path = DelegateViewController.swift; sourceTree = "<group>"; };
		068FC53328A7566D00EFF7A8 /* SecondDelegateViewController.swift */ = {isa = PBXFileReference; lastKnownFileType = sourcecode.swift; path = SecondDelegateViewController.swift; sourceTree = "<group>"; };
/* End PBXFileReference section */

/* Begin PBXFrameworksBuildPhase section */
		068FC4FB28A7540600EFF7A8 /* Frameworks */ = {
			isa = PBXFrameworksBuildPhase;
			buildActionMask = 2147483647;
			files = (
			);
			runOnlyForDeploymentPostprocessing = 0;
		};
		068FC51128A7540700EFF7A8 /* Frameworks */ = {
			isa = PBXFrameworksBuildPhase;
			buildActionMask = 2147483647;
			files = (
			);
			runOnlyForDeploymentPostprocessing = 0;
		};
		068FC51B28A7540700EFF7A8 /* Frameworks */ = {
			isa = PBXFrameworksBuildPhase;
			buildActionMask = 2147483647;
			files = (
			);
			runOnlyForDeploymentPostprocessing = 0;
		};
/* End PBXFrameworksBuildPhase section */

/* Begin PBXGroup section */
		068FC4F528A7540600EFF7A8 = {
			isa = PBXGroup;
			children = (
				068FC53328A7566D00EFF7A8 /* SecondDelegateViewController.swift */,
				068FC50028A7540600EFF7A8 /* DelegatePractice */,
				068FC51728A7540700EFF7A8 /* DelegatePracticeTests */,
				068FC52128A7540700EFF7A8 /* DelegatePracticeUITests */,
				068FC4FF28A7540600EFF7A8 /* Products */,
			);
			sourceTree = "<group>";
		};
		068FC4FF28A7540600EFF7A8 /* Products */ = {
			isa = PBXGroup;
			children = (
				068FC4FE28A7540600EFF7A8 /* DelegatePractice.app */,
				068FC51428A7540700EFF7A8 /* DelegatePracticeTests.xctest */,
				068FC51E28A7540700EFF7A8 /* DelegatePracticeUITests.xctest */,
			);
			name = Products;
			sourceTree = "<group>";
		};
		068FC50028A7540600EFF7A8 /* DelegatePractice */ = {
			isa = PBXGroup;
			children = (
				068FC50128A7540600EFF7A8 /* AppDelegate.swift */,
				068FC50328A7540600EFF7A8 /* SceneDelegate.swift */,
				068FC50728A7540600EFF7A8 /* Main.storyboard */,
				068FC53128A7543700EFF7A8 /* DelegateViewController.swift */,
				068FC50A28A7540700EFF7A8 /* Assets.xcassets */,
				068FC50C28A7540700EFF7A8 /* LaunchScreen.storyboard */,
				068FC50F28A7540700EFF7A8 /* Info.plist */,
			);
			path = DelegatePractice;
			sourceTree = "<group>";
		};
		068FC51728A7540700EFF7A8 /* DelegatePracticeTests */ = {
			isa = PBXGroup;
			children = (
				068FC51828A7540700EFF7A8 /* DelegatePracticeTests.swift */,
			);
			path = DelegatePracticeTests;
			sourceTree = "<group>";
		};
		068FC52128A7540700EFF7A8 /* DelegatePracticeUITests */ = {
			isa = PBXGroup;
			children = (
				068FC52228A7540700EFF7A8 /* DelegatePracticeUITests.swift */,
				068FC52428A7540700EFF7A8 /* DelegatePracticeUITestsLaunchTests.swift */,
			);
			path = DelegatePracticeUITests;
			sourceTree = "<group>";
		};
/* End PBXGroup section */

/* Begin PBXNativeTarget section */
		068FC4FD28A7540600EFF7A8 /* DelegatePractice */ = {
			isa = PBXNativeTarget;
			buildConfigurationList = 068FC52828A7540700EFF7A8 /* Build configuration list for PBXNativeTarget "DelegatePractice" */;
			buildPhases = (
				068FC4FA28A7540600EFF7A8 /* Sources */,
				068FC4FB28A7540600EFF7A8 /* Frameworks */,
				068FC4FC28A7540600EFF7A8 /* Resources */,
			);
			buildRules = (
			);
			dependencies = (
			);
			name = DelegatePractice;
			productName = DelegatePractice;
			productReference = 068FC4FE28A7540600EFF7A8 /* DelegatePractice.app */;
			productType = "com.apple.product-type.application";
		};
		068FC51328A7540700EFF7A8 /* DelegatePracticeTests */ = {
			isa = PBXNativeTarget;
			buildConfigurationList = 068FC52B28A7540700EFF7A8 /* Build configuration list for PBXNativeTarget "DelegatePracticeTests" */;
			buildPhases = (
				068FC51028A7540700EFF7A8 /* Sources */,
				068FC51128A7540700EFF7A8 /* Frameworks */,
				068FC51228A7540700EFF7A8 /* Resources */,
			);
			buildRules = (
			);
			dependencies = (
				068FC51628A7540700EFF7A8 /* PBXTargetDependency */,
			);
			name = DelegatePracticeTests;
			productName = DelegatePracticeTests;
			productReference = 068FC51428A7540700EFF7A8 /* DelegatePracticeTests.xctest */;
			productType = "com.apple.product-type.bundle.unit-test";
		};
		068FC51D28A7540700EFF7A8 /* DelegatePracticeUITests */ = {
			isa = PBXNativeTarget;
			buildConfigurationList = 068FC52E28A7540700EFF7A8 /* Build configuration list for PBXNativeTarget "DelegatePracticeUITests" */;
			buildPhases = (
				068FC51A28A7540700EFF7A8 /* Sources */,
				068FC51B28A7540700EFF7A8 /* Frameworks */,
				068FC51C28A7540700EFF7A8 /* Resources */,
			);
			buildRules = (
			);
			dependencies = (
				068FC52028A7540700EFF7A8 /* PBXTargetDependency */,
			);
			name = DelegatePracticeUITests;
			productName = DelegatePracticeUITests;
			productReference = 068FC51E28A7540700EFF7A8 /* DelegatePracticeUITests.xctest */;
			productType = "com.apple.product-type.bundle.ui-testing";
		};
/* End PBXNativeTarget section */

/* Begin PBXProject section */
		068FC4F628A7540600EFF7A8 /* Project object */ = {
			isa = PBXProject;
			attributes = {
				BuildIndependentTargetsInParallel = 1;
				LastSwiftUpdateCheck = 1340;
				LastUpgradeCheck = 1340;
				TargetAttributes = {
					068FC4FD28A7540600EFF7A8 = {
						CreatedOnToolsVersion = 13.4.1;
					};
					068FC51328A7540700EFF7A8 = {
						CreatedOnToolsVersion = 13.4.1;
						TestTargetID = 068FC4FD28A7540600EFF7A8;
					};
					068FC51D28A7540700EFF7A8 = {
						CreatedOnToolsVersion = 13.4.1;
						TestTargetID = 068FC4FD28A7540600EFF7A8;
					};
				};
			};
			buildConfigurationList = 068FC4F928A7540600EFF7A8 /* Build configuration list for PBXProject "DelegatePractice" */;
			compatibilityVersion = "Xcode 13.0";
			developmentRegion = en;
			hasScannedForEncodings = 0;
			knownRegions = (
				en,
				Base,
			);
			mainGroup = 068FC4F528A7540600EFF7A8;
			productRefGroup = 068FC4FF28A7540600EFF7A8 /* Products */;
			projectDirPath = "";
			projectRoot = "";
			targets = (
				068FC4FD28A7540600EFF7A8 /* DelegatePractice */,
				068FC51328A7540700EFF7A8 /* DelegatePracticeTests */,
				068FC51D28A7540700EFF7A8 /* DelegatePracticeUITests */,
			);
		};
/* End PBXProject section */

/* Begin PBXResourcesBuildPhase section */
		068FC4FC28A7540600EFF7A8 /* Resources */ = {
			isa = PBXResourcesBuildPhase;
			buildActionMask = 2147483647;
			files = (
				068FC50E28A7540700EFF7A8 /* LaunchScreen.storyboard in Resources */,
				068FC50B28A7540700EFF7A8 /* Assets.xcassets in Resources */,
				068FC50928A7540600EFF7A8 /* Main.storyboard in Resources */,
			);
			runOnlyForDeploymentPostprocessing = 0;
		};
		068FC51228A7540700EFF7A8 /* Resources */ = {
			isa = PBXResourcesBuildPhase;
			buildActionMask = 2147483647;
			files = (
			);
			runOnlyForDeploymentPostprocessing = 0;
		};
		068FC51C28A7540700EFF7A8 /* Resources */ = {
			isa = PBXResourcesBuildPhase;
			buildActionMask = 2147483647;
			files = (
			);
			runOnlyForDeploymentPostprocessing = 0;
		};
/* End PBXResourcesBuildPhase section */

/* Begin PBXSourcesBuildPhase section */
		068FC4FA28A7540600EFF7A8 /* Sources */ = {
			isa = PBXSourcesBuildPhase;
			buildActionMask = 2147483647;
			files = (
				068FC50228A7540600EFF7A8 /* AppDelegate.swift in Sources */,
				068FC50428A7540600EFF7A8 /* SceneDelegate.swift in Sources */,
				068FC53228A7543700EFF7A8 /* DelegateViewController.swift in Sources */,
				068FC53428A7566D00EFF7A8 /* SecondDelegateViewController.swift in Sources */,
			);
			runOnlyForDeploymentPostprocessing = 0;
		};
		068FC51028A7540700EFF7A8 /* Sources */ = {
			isa = PBXSourcesBuildPhase;
			buildActionMask = 2147483647;
			files = (
				068FC51928A7540700EFF7A8 /* DelegatePracticeTests.swift in Sources */,
			);
			runOnlyForDeploymentPostprocessing = 0;
		};
		068FC51A28A7540700EFF7A8 /* Sources */ = {
			isa = PBXSourcesBuildPhase;
			buildActionMask = 2147483647;
			files = (
				068FC52528A7540700EFF7A8 /* DelegatePracticeUITestsLaunchTests.swift in Sources */,
				068FC52328A7540700EFF7A8 /* DelegatePracticeUITests.swift in Sources */,
			);
			runOnlyForDeploymentPostprocessing = 0;
		};
/* End PBXSourcesBuildPhase section */

/* Begin PBXTargetDependency section */
		068FC51628A7540700EFF7A8 /* PBXTargetDependency */ = {
			isa = PBXTargetDependency;
			target = 068FC4FD28A7540600EFF7A8 /* DelegatePractice */;
			targetProxy = 068FC51528A7540700EFF7A8 /* PBXContainerItemProxy */;
		};
		068FC52028A7540700EFF7A8 /* PBXTargetDependency */ = {
			isa = PBXTargetDependency;
			target = 068FC4FD28A7540600EFF7A8 /* DelegatePractice */;
			targetProxy = 068FC51F28A7540700EFF7A8 /* PBXContainerItemProxy */;
		};
/* End PBXTargetDependency section */

/* Begin PBXVariantGroup section */
		068FC50728A7540600EFF7A8 /* Main.storyboard */ = {
			isa = PBXVariantGroup;
			children = (
				068FC50828A7540600EFF7A8 /* Base */,
			);
			name = Main.storyboard;
			sourceTree = "<group>";
		};
		068FC50C28A7540700EFF7A8 /* LaunchScreen.storyboard */ = {
			isa = PBXVariantGroup;
			children = (
				068FC50D28A7540700EFF7A8 /* Base */,
			);
			name = LaunchScreen.storyboard;
			sourceTree = "<group>";
		};
/* End PBXVariantGroup section */

/* Begin XCBuildConfiguration section */
		068FC52628A7540700EFF7A8 /* Debug */ = {
			isa = XCBuildConfiguration;
			buildSettings = {
				ALWAYS_SEARCH_USER_PATHS = NO;
				CLANG_ANALYZER_NONNULL = YES;
				CLANG_ANALYZER_NUMBER_OBJECT_CONVERSION = YES_AGGRESSIVE;
				CLANG_CXX_LANGUAGE_STANDARD = "gnu++17";
				CLANG_ENABLE_MODULES = YES;
				CLANG_ENABLE_OBJC_ARC = YES;
				CLANG_ENABLE_OBJC_WEAK = YES;
				CLANG_WARN_BLOCK_CAPTURE_AUTORELEASING = YES;
				CLANG_WARN_BOOL_CONVERSION = YES;
				CLANG_WARN_COMMA = YES;
				CLANG_WARN_CONSTANT_CONVERSION = YES;
				CLANG_WARN_DEPRECATED_OBJC_IMPLEMENTATIONS = YES;
				CLANG_WARN_DIRECT_OBJC_ISA_USAGE = YES_ERROR;
				CLANG_WARN_DOCUMENTATION_COMMENTS = YES;
				CLANG_WARN_EMPTY_BODY = YES;
				CLANG_WARN_ENUM_CONVERSION = YES;
				CLANG_WARN_INFINITE_RECURSION = YES;
				CLANG_WARN_INT_CONVERSION = YES;
				CLANG_WARN_NON_LITERAL_NULL_CONVERSION = YES;
				CLANG_WARN_OBJC_IMPLICIT_RETAIN_SELF = YES;
				CLANG_WARN_OBJC_LITERAL_CONVERSION = YES;
				CLANG_WARN_OBJC_ROOT_CLASS = YES_ERROR;
				CLANG_WARN_QUOTED_INCLUDE_IN_FRAMEWORK_HEADER = YES;
				CLANG_WARN_RANGE_LOOP_ANALYSIS = YES;
				CLANG_WARN_STRICT_PROTOTYPES = YES;
				CLANG_WARN_SUSPICIOUS_MOVE = YES;
				CLANG_WARN_UNGUARDED_AVAILABILITY = YES_AGGRESSIVE;
				CLANG_WARN_UNREACHABLE_CODE = YES;
				CLANG_WARN__DUPLICATE_METHOD_MATCH = YES;
				COPY_PHASE_STRIP = NO;
				DEBUG_INFORMATION_FORMAT = dwarf;
				ENABLE_STRICT_OBJC_MSGSEND = YES;
				ENABLE_TESTABILITY = YES;
				GCC_C_LANGUAGE_STANDARD = gnu11;
				GCC_DYNAMIC_NO_PIC = NO;
				GCC_NO_COMMON_BLOCKS = YES;
				GCC_OPTIMIZATION_LEVEL = 0;
				GCC_PREPROCESSOR_DEFINITIONS = (
					"DEBUG=1",
					"$(inherited)",
				);
				GCC_WARN_64_TO_32_BIT_CONVERSION = YES;
				GCC_WARN_ABOUT_RETURN_TYPE = YES_ERROR;
				GCC_WARN_UNDECLARED_SELECTOR = YES;
				GCC_WARN_UNINITIALIZED_AUTOS = YES_AGGRESSIVE;
				GCC_WARN_UNUSED_FUNCTION = YES;
				GCC_WARN_UNUSED_VARIABLE = YES;
				IPHONEOS_DEPLOYMENT_TARGET = 15.5;
				MTL_ENABLE_DEBUG_INFO = INCLUDE_SOURCE;
				MTL_FAST_MATH = YES;
				ONLY_ACTIVE_ARCH = YES;
				SDKROOT = iphoneos;
				SWIFT_ACTIVE_COMPILATION_CONDITIONS = DEBUG;
				SWIFT_OPTIMIZATION_LEVEL = "-Onone";
			};
			name = Debug;
		};
		068FC52728A7540700EFF7A8 /* Release */ = {
			isa = XCBuildConfiguration;
			buildSettings = {
				ALWAYS_SEARCH_USER_PATHS = NO;
				CLANG_ANALYZER_NONNULL = YES;
				CLANG_ANALYZER_NUMBER_OBJECT_CONVERSION = YES_AGGRESSIVE;
				CLANG_CXX_LANGUAGE_STANDARD = "gnu++17";
				CLANG_ENABLE_MODULES = YES;
				CLANG_ENABLE_OBJC_ARC = YES;
				CLANG_ENABLE_OBJC_WEAK = YES;
				CLANG_WARN_BLOCK_CAPTURE_AUTORELEASING = YES;
				CLANG_WARN_BOOL_CONVERSION = YES;
				CLANG_WARN_COMMA = YES;
				CLANG_WARN_CONSTANT_CONVERSION = YES;
				CLANG_WARN_DEPRECATED_OBJC_IMPLEMENTATIONS = YES;
				CLANG_WARN_DIRECT_OBJC_ISA_USAGE = YES_ERROR;
				CLANG_WARN_DOCUMENTATION_COMMENTS = YES;
				CLANG_WARN_EMPTY_BODY = YES;
				CLANG_WARN_ENUM_CONVERSION = YES;
				CLANG_WARN_INFINITE_RECURSION = YES;
				CLANG_WARN_INT_CONVERSION = YES;
				CLANG_WARN_NON_LITERAL_NULL_CONVERSION = YES;
				CLANG_WARN_OBJC_IMPLICIT_RETAIN_SELF = YES;
				CLANG_WARN_OBJC_LITERAL_CONVERSION = YES;
				CLANG_WARN_OBJC_ROOT_CLASS = YES_ERROR;
				CLANG_WARN_QUOTED_INCLUDE_IN_FRAMEWORK_HEADER = YES;
				CLANG_WARN_RANGE_LOOP_ANALYSIS = YES;
				CLANG_WARN_STRICT_PROTOTYPES = YES;
				CLANG_WARN_SUSPICIOUS_MOVE = YES;
				CLANG_WARN_UNGUARDED_AVAILABILITY = YES_AGGRESSIVE;
				CLANG_WARN_UNREACHABLE_CODE = YES;
				CLANG_WARN__DUPLICATE_METHOD_MATCH = YES;
				COPY_PHASE_STRIP = NO;
				DEBUG_INFORMATION_FORMAT = "dwarf-with-dsym";
				ENABLE_NS_ASSERTIONS = NO;
				ENABLE_STRICT_OBJC_MSGSEND = YES;
				GCC_C_LANGUAGE_STANDARD = gnu11;
				GCC_NO_COMMON_BLOCKS = YES;
				GCC_WARN_64_TO_32_BIT_CONVERSION = YES;
				GCC_WARN_ABOUT_RETURN_TYPE = YES_ERROR;
				GCC_WARN_UNDECLARED_SELECTOR = YES;
				GCC_WARN_UNINITIALIZED_AUTOS = YES_AGGRESSIVE;
				GCC_WARN_UNUSED_FUNCTION = YES;
				GCC_WARN_UNUSED_VARIABLE = YES;
				IPHONEOS_DEPLOYMENT_TARGET = 15.5;
				MTL_ENABLE_DEBUG_INFO = NO;
				MTL_FAST_MATH = YES;
				SDKROOT = iphoneos;
				SWIFT_COMPILATION_MODE = wholemodule;
				SWIFT_OPTIMIZATION_LEVEL = "-O";
				VALIDATE_PRODUCT = YES;
			};
			name = Release;
		};
		068FC52928A7540700EFF7A8 /* Debug */ = {
			isa = XCBuildConfiguration;
			buildSettings = {
				ASSETCATALOG_COMPILER_APPICON_NAME = AppIcon;
				ASSETCATALOG_COMPILER_GLOBAL_ACCENT_COLOR_NAME = AccentColor;
				CODE_SIGN_STYLE = Automatic;
				CURRENT_PROJECT_VERSION = 1;
				DEVELOPMENT_TEAM = UGFP3W9FTD;
				GENERATE_INFOPLIST_FILE = YES;
				INFOPLIST_FILE = DelegatePractice/Info.plist;
				INFOPLIST_KEY_UIApplicationSupportsIndirectInputEvents = YES;
				INFOPLIST_KEY_UILaunchStoryboardName = LaunchScreen;
				INFOPLIST_KEY_UIMainStoryboardFile = Main;
				INFOPLIST_KEY_UISupportedInterfaceOrientations_iPad = "UIInterfaceOrientationPortrait UIInterfaceOrientationPortraitUpsideDown UIInterfaceOrientationLandscapeLeft UIInterfaceOrientationLandscapeRight";
				INFOPLIST_KEY_UISupportedInterfaceOrientations_iPhone = "UIInterfaceOrientationPortrait UIInterfaceOrientationLandscapeLeft UIInterfaceOrientationLandscapeRight";
				LD_RUNPATH_SEARCH_PATHS = (
					"$(inherited)",
					"@executable_path/Frameworks",
				);
				MARKETING_VERSION = 1.0;
				PRODUCT_BUNDLE_IDENTIFIER = com.practice.DelegatePractice;
				PRODUCT_NAME = "$(TARGET_NAME)";
				SWIFT_EMIT_LOC_STRINGS = YES;
				SWIFT_VERSION = 5.0;
				TARGETED_DEVICE_FAMILY = "1,2";
			};
			name = Debug;
		};
		068FC52A28A7540700EFF7A8 /* Release */ = {
			isa = XCBuildConfiguration;
			buildSettings = {
				ASSETCATALOG_COMPILER_APPICON_NAME = AppIcon;
				ASSETCATALOG_COMPILER_GLOBAL_ACCENT_COLOR_NAME = AccentColor;
				CODE_SIGN_STYLE = Automatic;
				CURRENT_PROJECT_VERSION = 1;
				DEVELOPMENT_TEAM = UGFP3W9FTD;
				GENERATE_INFOPLIST_FILE = YES;
				INFOPLIST_FILE = DelegatePractice/Info.plist;
				INFOPLIST_KEY_UIApplicationSupportsIndirectInputEvents = YES;
				INFOPLIST_KEY_UILaunchStoryboardName = LaunchScreen;
				INFOPLIST_KEY_UIMainStoryboardFile = Main;
				INFOPLIST_KEY_UISupportedInterfaceOrientations_iPad = "UIInterfaceOrientationPortrait UIInterfaceOrientationPortraitUpsideDown UIInterfaceOrientationLandscapeLeft UIInterfaceOrientationLandscapeRight";
				INFOPLIST_KEY_UISupportedInterfaceOrientations_iPhone = "UIInterfaceOrientationPortrait UIInterfaceOrientationLandscapeLeft UIInterfaceOrientationLandscapeRight";
				LD_RUNPATH_SEARCH_PATHS = (
					"$(inherited)",
					"@executable_path/Frameworks",
				);
				MARKETING_VERSION = 1.0;
				PRODUCT_BUNDLE_IDENTIFIER = com.practice.DelegatePractice;
				PRODUCT_NAME = "$(TARGET_NAME)";
				SWIFT_EMIT_LOC_STRINGS = YES;
				SWIFT_VERSION = 5.0;
				TARGETED_DEVICE_FAMILY = "1,2";
			};
			name = Release;
		};
		068FC52C28A7540700EFF7A8 /* Debug */ = {
			isa = XCBuildConfiguration;
			buildSettings = {
				ALWAYS_EMBED_SWIFT_STANDARD_LIBRARIES = YES;
				BUNDLE_LOADER = "$(TEST_HOST)";
				CODE_SIGN_STYLE = Automatic;
				CURRENT_PROJECT_VERSION = 1;
				DEVELOPMENT_TEAM = UGFP3W9FTD;
				GENERATE_INFOPLIST_FILE = YES;
				IPHONEOS_DEPLOYMENT_TARGET = 15.5;
				MARKETING_VERSION = 1.0;
				PRODUCT_BUNDLE_IDENTIFIER = com.practice.DelegatePracticeTests;
				PRODUCT_NAME = "$(TARGET_NAME)";
				SWIFT_EMIT_LOC_STRINGS = NO;
				SWIFT_VERSION = 5.0;
				TARGETED_DEVICE_FAMILY = "1,2";
				TEST_HOST = "$(BUILT_PRODUCTS_DIR)/DelegatePractice.app/DelegatePractice";
			};
			name = Debug;
		};
		068FC52D28A7540700EFF7A8 /* Release */ = {
			isa = XCBuildConfiguration;
			buildSettings = {
				ALWAYS_EMBED_SWIFT_STANDARD_LIBRARIES = YES;
				BUNDLE_LOADER = "$(TEST_HOST)";
				CODE_SIGN_STYLE = Automatic;
				CURRENT_PROJECT_VERSION = 1;
				DEVELOPMENT_TEAM = UGFP3W9FTD;
				GENERATE_INFOPLIST_FILE = YES;
				IPHONEOS_DEPLOYMENT_TARGET = 15.5;
				MARKETING_VERSION = 1.0;
				PRODUCT_BUNDLE_IDENTIFIER = com.practice.DelegatePracticeTests;
				PRODUCT_NAME = "$(TARGET_NAME)";
				SWIFT_EMIT_LOC_STRINGS = NO;
				SWIFT_VERSION = 5.0;
				TARGETED_DEVICE_FAMILY = "1,2";
				TEST_HOST = "$(BUILT_PRODUCTS_DIR)/DelegatePractice.app/DelegatePractice";
			};
			name = Release;
		};
		068FC52F28A7540700EFF7A8 /* Debug */ = {
			isa = XCBuildConfiguration;
			buildSettings = {
				ALWAYS_EMBED_SWIFT_STANDARD_LIBRARIES = YES;
				CODE_SIGN_STYLE = Automatic;
				CURRENT_PROJECT_VERSION = 1;
				DEVELOPMENT_TEAM = UGFP3W9FTD;
				GENERATE_INFOPLIST_FILE = YES;
				MARKETING_VERSION = 1.0;
				PRODUCT_BUNDLE_IDENTIFIER = com.practice.DelegatePracticeUITests;
				PRODUCT_NAME = "$(TARGET_NAME)";
				SWIFT_EMIT_LOC_STRINGS = NO;
				SWIFT_VERSION = 5.0;
				TARGETED_DEVICE_FAMILY = "1,2";
				TEST_TARGET_NAME = DelegatePractice;
			};
			name = Debug;
		};
		068FC53028A7540700EFF7A8 /* Release */ = {
			isa = XCBuildConfiguration;
			buildSettings = {
				ALWAYS_EMBED_SWIFT_STANDARD_LIBRARIES = YES;
				CODE_SIGN_STYLE = Automatic;
				CURRENT_PROJECT_VERSION = 1;
				DEVELOPMENT_TEAM = UGFP3W9FTD;
				GENERATE_INFOPLIST_FILE = YES;
				MARKETING_VERSION = 1.0;
				PRODUCT_BUNDLE_IDENTIFIER = com.practice.DelegatePracticeUITests;
				PRODUCT_NAME = "$(TARGET_NAME)";
				SWIFT_EMIT_LOC_STRINGS = NO;
				SWIFT_VERSION = 5.0;
				TARGETED_DEVICE_FAMILY = "1,2";
				TEST_TARGET_NAME = DelegatePractice;
			};
			name = Release;
		};
/* End XCBuildConfiguration section */

/* Begin XCConfigurationList section */
		068FC4F928A7540600EFF7A8 /* Build configuration list for PBXProject "DelegatePractice" */ = {
			isa = XCConfigurationList;
			buildConfigurations = (
				068FC52628A7540700EFF7A8 /* Debug */,
				068FC52728A7540700EFF7A8 /* Release */,
			);
			defaultConfigurationIsVisible = 0;
			defaultConfigurationName = Release;
		};
		068FC52828A7540700EFF7A8 /* Build configuration list for PBXNativeTarget "DelegatePractice" */ = {
			isa = XCConfigurationList;
			buildConfigurations = (
				068FC52928A7540700EFF7A8 /* Debug */,
				068FC52A28A7540700EFF7A8 /* Release */,
			);
			defaultConfigurationIsVisible = 0;
			defaultConfigurationName = Release;
		};
		068FC52B28A7540700EFF7A8 /* Build configuration list for PBXNativeTarget "DelegatePracticeTests" */ = {
			isa = XCConfigurationList;
			buildConfigurations = (
				068FC52C28A7540700EFF7A8 /* Debug */,
				068FC52D28A7540700EFF7A8 /* Release */,
			);
			defaultConfigurationIsVisible = 0;
			defaultConfigurationName = Release;
		};
		068FC52E28A7540700EFF7A8 /* Build configuration list for PBXNativeTarget "DelegatePracticeUITests" */ = {
			isa = XCConfigurationList;
			buildConfigurations = (
				068FC52F28A7540700EFF7A8 /* Debug */,
				068FC53028A7540700EFF7A8 /* Release */,
			);
			defaultConfigurationIsVisible = 0;
			defaultConfigurationName = Release;
		};
/* End XCConfigurationList section */
	};
	rootObject = 068FC4F628A7540600EFF7A8 /* Project object */;
}
